[[package]]
name = "data_structure_traits"
version = "0.2.0"
dependencies = [
 "hashmap_core 0.1.9 (registry+https://github.com/rust-lang/crates.io-index)",
]

[[package]]
name = "hashmap_core"
version = "0.1.9"
source = "registry+https://github.com/rust-lang/crates.io-index"

[metadata]
"checksum hashmap_core 0.1.9 (registry+https://github.com/rust-lang/crates.io-index)" = "4a9548e1de55e2a7cbcedefa9b6528e63f0ecba750fa060a325769fcf6298d11"
